
Microsoft Visual Studio Solution File, Format Version 12.00
# Visual Studio 14
VisualStudioVersion = 14.0.25420.1
MinimumVisualStudioVersion = 10.0.40219.1
Project("{2150E333-8FDC-42A3-9474-1A3956D46DE8}") = "Engine", "Engine", "{7A32399F-7F5E-45A9-986E-23956BB59C65}"
EndProject
Project("{2150E333-8FDC-42A3-9474-1A3956D46DE8}") = "Games", "Games", "{3E7A84C9-571C-42B8-A41F-B25A28420AD1}"
EndProject
Project("{8BC9CEB8-8B4A-11D0-8D11-00A0C91BC942}") = "UE4", "Intermediate\ProjectFiles\UE4.vcxproj", "{BCF81484-2573-43C3-AF72-66AD14EEDBEC}"
EndProject
Project("{8BC9CEB8-8B4A-11D0-8D11-00A0C91BC942}") = "Building_Escape", "Intermediate\ProjectFiles\Building_Escape.vcxproj", "{394771D2-A600-4074-A74E-2425D8131313}"
EndProject
Global
	GlobalSection(SolutionConfigurationPlatforms) = preSolution
		DebugGame Editor|HTML5 = DebugGame Editor|HTML5
		DebugGame Editor|Win32 = DebugGame Editor|Win32
		DebugGame Editor|Win64 = DebugGame Editor|Win64
		DebugGame|HTML5 = DebugGame|HTML5
		DebugGame|Win32 = DebugGame|Win32
		DebugGame|Win64 = DebugGame|Win64
		Development Editor|HTML5 = Development Editor|HTML5
		Development Editor|Win32 = Development Editor|Win32
		Development Editor|Win64 = Development Editor|Win64
		Development|HTML5 = Development|HTML5
		Development|Win32 = Development|Win32
		Development|Win64 = Development|Win64
		Shipping|HTML5 = Shipping|HTML5
		Shipping|Win32 = Shipping|Win32
		Shipping|Win64 = Shipping|Win64
	EndGlobalSection
	GlobalSection(ProjectConfigurationPlatforms) = postSolution
		{BCF81484-2573-43C3-AF72-66AD14EEDBEC}.DebugGame Editor|HTML5.ActiveCfg = BuiltWithUnrealBuildTool|Win32
		{BCF81484-2573-43C3-AF72-66AD14EEDBEC}.DebugGame Editor|HTML5.Build.0 = BuiltWithUnrealBuildTool|Win32
		{BCF81484-2573-43C3-AF72-66AD14EEDBEC}.DebugGame Editor|Win32.ActiveCfg = BuiltWithUnrealBuildTool|Win32
		{BCF81484-2573-43C3-AF72-66AD14EEDBEC}.DebugGame Editor|Win32.Build.0 = BuiltWithUnrealBuildTool|Win32
		{BCF81484-2573-43C3-AF72-66AD14EEDBEC}.DebugGame Editor|Win64.ActiveCfg = BuiltWithUnrealBuildTool|Win32
		{BCF81484-2573-43C3-AF72-66AD14EEDBEC}.DebugGame Editor|Win64.Build.0 = BuiltWithUnrealBuildTool|Win32
		{BCF81484-2573-43C3-AF72-66AD14EEDBEC}.DebugGame|HTML5.ActiveCfg = BuiltWithUnrealBuildTool|Win32
		{BCF81484-2573-43C3-AF72-66AD14EEDBEC}.DebugGame|HTML5.Build.0 = BuiltWithUnrealBuildTool|Win32
		{BCF81484-2573-43C3-AF72-66AD14EEDBEC}.DebugGame|Win32.ActiveCfg = BuiltWithUnrealBuildTool|Win32
		{BCF81484-2573-43C3-AF72-66AD14EEDBEC}.DebugGame|Win32.Build.0 = BuiltWithUnrealBuildTool|Win32
		{BCF81484-2573-43C3-AF72-66AD14EEDBEC}.DebugGame|Win64.ActiveCfg = BuiltWithUnrealBuildTool|Win32
		{BCF81484-2573-43C3-AF72-66AD14EEDBEC}.DebugGame|Win64.Build.0 = BuiltWithUnrealBuildTool|Win32
		{BCF81484-2573-43C3-AF72-66AD14EEDBEC}.Development Editor|HTML5.ActiveCfg = BuiltWithUnrealBuildTool|Win32
		{BCF81484-2573-43C3-AF72-66AD14EEDBEC}.Development Editor|HTML5.Build.0 = BuiltWithUnrealBuildTool|Win32
		{BCF81484-2573-43C3-AF72-66AD14EEDBEC}.Development Editor|Win32.ActiveCfg = BuiltWithUnrealBuildTool|Win32
		{BCF81484-2573-43C3-AF72-66AD14EEDBEC}.Development Editor|Win32.Build.0 = BuiltWithUnrealBuildTool|Win32
		{BCF81484-2573-43C3-AF72-66AD14EEDBEC}.Development Editor|Win64.ActiveCfg = BuiltWithUnrealBuildTool|Win32
		{BCF81484-2573-43C3-AF72-66AD14EEDBEC}.Development Editor|Win64.Build.0 = BuiltWithUnrealBuildTool|Win32
		{BCF81484-2573-43C3-AF72-66AD14EEDBEC}.Development|HTML5.ActiveCfg = BuiltWithUnrealBuildTool|Win32
		{BCF81484-2573-43C3-AF72-66AD14EEDBEC}.Development|HTML5.Build.0 = BuiltWithUnrealBuildTool|Win32
		{BCF81484-2573-43C3-AF72-66AD14EEDBEC}.Development|Win32.ActiveCfg = BuiltWithUnrealBuildTool|Win32
		{BCF81484-2573-43C3-AF72-66AD14EEDBEC}.Development|Win32.Build.0 = BuiltWithUnrealBuildTool|Win32
		{BCF81484-2573-43C3-AF72-66AD14EEDBEC}.Development|Win64.ActiveCfg = BuiltWithUnrealBuildTool|Win32
		{BCF81484-2573-43C3-AF72-66AD14EEDBEC}.Development|Win64.Build.0 = BuiltWithUnrealBuildTool|Win32
		{BCF81484-2573-43C3-AF72-66AD14EEDBEC}.Shipping|HTML5.ActiveCfg = BuiltWithUnrealBuildTool|Win32
		{BCF81484-2573-43C3-AF72-66AD14EEDBEC}.Shipping|HTML5.Build.0 = BuiltWithUnrealBuildTool|Win32
		{BCF81484-2573-43C3-AF72-66AD14EEDBEC}.Shipping|Win32.ActiveCfg = BuiltWithUnrealBuildTool|Win32
		{BCF81484-2573-43C3-AF72-66AD14EEDBEC}.Shipping|Win32.Build.0 = BuiltWithUnrealBuildTool|Win32
		{BCF81484-2573-43C3-AF72-66AD14EEDBEC}.Shipping|Win64.ActiveCfg = BuiltWithUnrealBuildTool|Win32
		{BCF81484-2573-43C3-AF72-66AD14EEDBEC}.Shipping|Win64.Build.0 = BuiltWithUnrealBuildTool|Win32
		{394771D2-A600-4074-A74E-2425D8131313}.DebugGame Editor|HTML5.ActiveCfg = HTML5_DebugGame_Editor|Win32
		{394771D2-A600-4074-A74E-2425D8131313}.DebugGame Editor|Win32.ActiveCfg = DebugGame_Editor|Win32
		{394771D2-A600-4074-A74E-2425D8131313}.DebugGame Editor|Win64.ActiveCfg = DebugGame_Editor|x64
		{394771D2-A600-4074-A74E-2425D8131313}.DebugGame Editor|Win64.Build.0 = DebugGame_Editor|x64
		{394771D2-A600-4074-A74E-2425D8131313}.DebugGame|HTML5.ActiveCfg = HTML5_DebugGame_Game|Win32
		{394771D2-A600-4074-A74E-2425D8131313}.DebugGame|HTML5.Build.0 = HTML5_DebugGame_Game|Win32
		{394771D2-A600-4074-A74E-2425D8131313}.DebugGame|Win32.ActiveCfg = DebugGame_Game|Win32
		{394771D2-A600-4074-A74E-2425D8131313}.DebugGame|Win32.Build.0 = DebugGame_Game|Win32
		{394771D2-A600-4074-A74E-2425D8131313}.DebugGame|Win64.ActiveCfg = DebugGame_Game|x64
		{394771D2-A600-4074-A74E-2425D8131313}.DebugGame|Win64.Build.0 = DebugGame_Game|x64
		{394771D2-A600-4074-A74E-2425D8131313}.Development Editor|HTML5.ActiveCfg = HTML5_Development_Editor|Win32
		{394771D2-A600-4074-A74E-2425D8131313}.Development Editor|Win32.ActiveCfg = Development_Editor|Win32
		{394771D2-A600-4074-A74E-2425D8131313}.Development Editor|Win64.ActiveCfg = Development_Editor|x64
		{394771D2-A600-4074-A74E-2425D8131313}.Development Editor|Win64.Build.0 = Development_Editor|x64
		{394771D2-A600-4074-A74E-2425D8131313}.Development|HTML5.ActiveCfg = HTML5_Development_Game|Win32
		{394771D2-A600-4074-A74E-2425D8131313}.Development|HTML5.Build.0 = HTML5_Development_Game|Win32
		{394771D2-A600-4074-A74E-2425D8131313}.Development|Win32.ActiveCfg = Development_Game|Win32
		{394771D2-A600-4074-A74E-2425D8131313}.Development|Win32.Build.0 = Development_Game|Win32
		{394771D2-A600-4074-A74E-2425D8131313}.Development|Win64.ActiveCfg = Development_Game|x64
		{394771D2-A600-4074-A74E-2425D8131313}.Development|Win64.Build.0 = Development_Game|x64
		{394771D2-A600-4074-A74E-2425D8131313}.Shipping|HTML5.ActiveCfg = HTML5_Shipping_Game|Win32
		{394771D2-A600-4074-A74E-2425D8131313}.Shipping|HTML5.Build.0 = HTML5_Shipping_Game|Win32
		{394771D2-A600-4074-A74E-2425D8131313}.Shipping|Win32.ActiveCfg = Shipping_Game|Win32
		{394771D2-A600-4074-A74E-2425D8131313}.Shipping|Win32.Build.0 = Shipping_Game|Win32
		{394771D2-A600-4074-A74E-2425D8131313}.Shipping|Win64.ActiveCfg = Shipping_Game|x64
		{394771D2-A600-4074-A74E-2425D8131313}.Shipping|Win64.Build.0 = Shipping_Game|x64
	EndGlobalSection
	GlobalSection(SolutionProperties) = preSolution
		HideSolutionNode = FALSE
	EndGlobalSection
	GlobalSection(NestedProjects) = preSolution
		{BCF81484-2573-43C3-AF72-66AD14EEDBEC} = {7A32399F-7F5E-45A9-986E-23956BB59C65}
		{394771D2-A600-4074-A74E-2425D8131313} = {3E7A84C9-571C-42B8-A41F-B25A28420AD1}
	EndGlobalSection
EndGlobal
